
Microsoft Visual Studio Solution File, Format Version 12.00
# Visual Studio Version 17
VisualStudioVersion = 17.0.31903.59
MinimumVisualStudioVersion = 10.0.40219.1
Project("{FAE04EC0-301F-11D3-BF4B-00C04F79EFBC}") = "SmartMatrix.Domain", "SmartMatrix.Domain\SmartMatrix.Domain.csproj", "{437D94BE-3673-43A2-BABA-0317ED42F7D6}"
EndProject
Project("{FAE04EC0-301F-11D3-BF4B-00C04F79EFBC}") = "SmartMatrix.WebApi", "SmartMatrix.WebApi\SmartMatrix.WebApi.csproj", "{0548D509-A29B-4D66-8F9B-5410D3FD99F2}"
EndProject
Project("{FAE04EC0-301F-11D3-BF4B-00C04F79EFBC}") = "SmartMatrix.Application", "SmartMatrix.Application\SmartMatrix.Application.csproj", "{BF1ACCE4-361B-479D-91CB-717332E3E151}"
EndProject
Project("{FAE04EC0-301F-11D3-BF4B-00C04F79EFBC}") = "SmartMatrix.Infrastructure", "SmartMatrix.Infrastructure\SmartMatrix.Infrastructure.csproj", "{B80F64DA-8DAE-480C-8477-B5C8F740E155}"
EndProject
Project("{FAE04EC0-301F-11D3-BF4B-00C04F79EFBC}") = "SmartMatrix.Core", "SmartMatrix.Core\SmartMatrix.Core.csproj", "{BEF975F2-7B7C-42CC-B06A-078C4B632275}"
EndProject
Project("{FAE04EC0-301F-11D3-BF4B-00C04F79EFBC}") = "SmartMatrix.DataAccess", "SmartMatrix.DataAccess\SmartMatrix.DataAccess.csproj", "{7AF69D26-D6AB-492C-98DB-D3C084398978}"
EndProject
Global
	GlobalSection(SolutionConfigurationPlatforms) = preSolution
		Debug|Any CPU = Debug|Any CPU
		Release|Any CPU = Release|Any CPU
	EndGlobalSection
	GlobalSection(SolutionProperties) = preSolution
		HideSolutionNode = FALSE
	EndGlobalSection
	GlobalSection(ProjectConfigurationPlatforms) = postSolution
		{437D94BE-3673-43A2-BABA-0317ED42F7D6}.Debug|Any CPU.ActiveCfg = Debug|Any CPU
		{437D94BE-3673-43A2-BABA-0317ED42F7D6}.Debug|Any CPU.Build.0 = Debug|Any CPU
		{437D94BE-3673-43A2-BABA-0317ED42F7D6}.Release|Any CPU.ActiveCfg = Release|Any CPU
		{437D94BE-3673-43A2-BABA-0317ED42F7D6}.Release|Any CPU.Build.0 = Release|Any CPU
		{0548D509-A29B-4D66-8F9B-5410D3FD99F2}.Debug|Any CPU.ActiveCfg = Debug|Any CPU
		{0548D509-A29B-4D66-8F9B-5410D3FD99F2}.Debug|Any CPU.Build.0 = Debug|Any CPU
		{0548D509-A29B-4D66-8F9B-5410D3FD99F2}.Release|Any CPU.ActiveCfg = Release|Any CPU
		{0548D509-A29B-4D66-8F9B-5410D3FD99F2}.Release|Any CPU.Build.0 = Release|Any CPU
		{BF1ACCE4-361B-479D-91CB-717332E3E151}.Debug|Any CPU.ActiveCfg = Debug|Any CPU
		{BF1ACCE4-361B-479D-91CB-717332E3E151}.Debug|Any CPU.Build.0 = Debug|Any CPU
		{BF1ACCE4-361B-479D-91CB-717332E3E151}.Release|Any CPU.ActiveCfg = Release|Any CPU
		{BF1ACCE4-361B-479D-91CB-717332E3E151}.Release|Any CPU.Build.0 = Release|Any CPU
		{B80F64DA-8DAE-480C-8477-B5C8F740E155}.Debug|Any CPU.ActiveCfg = Debug|Any CPU
		{B80F64DA-8DAE-480C-8477-B5C8F740E155}.Debug|Any CPU.Build.0 = Debug|Any CPU
		{B80F64DA-8DAE-480C-8477-B5C8F740E155}.Release|Any CPU.ActiveCfg = Release|Any CPU
		{B80F64DA-8DAE-480C-8477-B5C8F740E155}.Release|Any CPU.Build.0 = Release|Any CPU
		{BEF975F2-7B7C-42CC-B06A-078C4B632275}.Debug|Any CPU.ActiveCfg = Debug|Any CPU
		{BEF975F2-7B7C-42CC-B06A-078C4B632275}.Debug|Any CPU.Build.0 = Debug|Any CPU
		{BEF975F2-7B7C-42CC-B06A-078C4B632275}.Release|Any CPU.ActiveCfg = Release|Any CPU
		{BEF975F2-7B7C-42CC-B06A-078C4B632275}.Release|Any CPU.Build.0 = Release|Any CPU
		{7AF69D26-D6AB-492C-98DB-D3C084398978}.Debug|Any CPU.ActiveCfg = Debug|Any CPU
		{7AF69D26-D6AB-492C-98DB-D3C084398978}.Debug|Any CPU.Build.0 = Debug|Any CPU
		{7AF69D26-D6AB-492C-98DB-D3C084398978}.Release|Any CPU.ActiveCfg = Release|Any CPU
		{7AF69D26-D6AB-492C-98DB-D3C084398978}.Release|Any CPU.Build.0 = Release|Any CPU
	EndGlobalSection
EndGlobal
